// !$*UTF8*$!
{
	archiveVersion = 1;
	classes = {
	};
	objectVersion = 50;
	objects = {

/* Begin PBXBuildFile section */
		AD976F7420D820030090A4B2 /* AppDelegate.m in Sources */ = {isa = PBXBuildFile; fileRef = AD976F7320D820030090A4B2 /* AppDelegate.m */; };
		AD976F7720D820030090A4B2 /* ViewController.m in Sources */ = {isa = PBXBuildFile; fileRef = AD976F7620D820030090A4B2 /* ViewController.m */; };
		AD976F7A20D820030090A4B2 /* Main.storyboard in Resources */ = {isa = PBXBuildFile; fileRef = AD976F7820D820030090A4B2 /* Main.storyboard */; };
		AD976F7C20D820040090A4B2 /* Assets.xcassets in Resources */ = {isa = PBXBuildFile; fileRef = AD976F7B20D820040090A4B2 /* Assets.xcassets */; };
		AD976F7F20D820040090A4B2 /* LaunchScreen.storyboard in Resources */ = {isa = PBXBuildFile; fileRef = AD976F7D20D820040090A4B2 /* LaunchScreen.storyboard */; };
		AD976F8220D820040090A4B2 /* main.m in Sources */ = {isa = PBXBuildFile; fileRef = AD976F8120D820040090A4B2 /* main.m */; };
		AD976F8C20D820040090A4B2 /* FactoryTests.m in Sources */ = {isa = PBXBuildFile; fileRef = AD976F8B20D820040090A4B2 /* FactoryTests.m */; };
		AD976F9720D820040090A4B2 /* FactoryUITests.m in Sources */ = {isa = PBXBuildFile; fileRef = AD976F9620D820040090A4B2 /* FactoryUITests.m */; };
		ADBC29B520D950180065FA45 /* CarCreator.m in Sources */ = {isa = PBXBuildFile; fileRef = ADBC29B420D950180065FA45 /* CarCreator.m */; };
		ADBC29B720D950250065FA45 /* DroneCreator.m in Sources */ = {isa = PBXBuildFile; fileRef = ADBC29B620D950250065FA45 /* DroneCreator.m */; };
		ADBC29B920D950310065FA45 /* Drone.m in Sources */ = {isa = PBXBuildFile; fileRef = ADBC29B820D950310065FA45 /* Drone.m */; };
		ADBC29BB20D9503A0065FA45 /* Car.m in Sources */ = {isa = PBXBuildFile; fileRef = ADBC29BA20D9503A0065FA45 /* Car.m */; };
		ADBC29BD20D950490065FA45 /* Factory.m in Sources */ = {isa = PBXBuildFile; fileRef = ADBC29BC20D950490065FA45 /* Factory.m */; };
		ADBC29BF20D9505B0065FA45 /* Transportation.m in Sources */ = {isa = PBXBuildFile; fileRef = ADBC29BE20D9505B0065FA45 /* Transportation.m */; };
/* End PBXBuildFile section */

/* Begin PBXContainerItemProxy section */
		AD976F8820D820040090A4B2 /* PBXContainerItemProxy */ = {
			isa = PBXContainerItemProxy;
			containerPortal = AD976F6720D820020090A4B2 /* Project object */;
			proxyType = 1;
			remoteGlobalIDString = AD976F6E20D820020090A4B2;
			remoteInfo = Factory;
		};
		AD976F9320D820040090A4B2 /* PBXContainerItemProxy */ = {
			isa = PBXContainerItemProxy;
			containerPortal = AD976F6720D820020090A4B2 /* Project object */;
			proxyType = 1;
			remoteGlobalIDString = AD976F6E20D820020090A4B2;
			remoteInfo = Factory;
		};
/* End PBXContainerItemProxy section */

/* Begin PBXFileReference section */
		AD976F6F20D820030090A4B2 /* Factory.app */ = {isa = PBXFileReference; explicitFileType = wrapper.application; includeInIndex = 0; path = Factory.app; sourceTree = BUILT_PRODUCTS_DIR; };
		AD976F7220D820030090A4B2 /* AppDelegate.h */ = {isa = PBXFileReference; lastKnownFileType = sourcecode.c.h; path = AppDelegate.h; sourceTree = "<group>"; };
		AD976F7320D820030090A4B2 /* AppDelegate.m */ = {isa = PBXFileReference; lastKnownFileType = sourcecode.c.objc; path = AppDelegate.m; sourceTree = "<group>"; };
		AD976F7520D820030090A4B2 /* ViewController.h */ = {isa = PBXFileReference; lastKnownFileType = sourcecode.c.h; path = ViewController.h; sourceTree = "<group>"; };
		AD976F7620D820030090A4B2 /* ViewController.m */ = {isa = PBXFileReference; lastKnownFileType = sourcecode.c.objc; path = ViewController.m; sourceTree = "<group>"; };
		AD976F7920D820030090A4B2 /* Base */ = {isa = PBXFileReference; lastKnownFileType = file.storyboard; name = Base; path = Base.lproj/Main.storyboard; sourceTree = "<group>"; };
		AD976F7B20D820040090A4B2 /* Assets.xcassets */ = {isa = PBXFileReference; lastKnownFileType = folder.assetcatalog; path = Assets.xcassets; sourceTree = "<group>"; };
		AD976F7E20D820040090A4B2 /* Base */ = {isa = PBXFileReference; lastKnownFileType = file.storyboard; name = Base; path = Base.lproj/LaunchScreen.storyboard; sourceTree = "<group>"; };
		AD976F8020D820040090A4B2 /* Info.plist */ = {isa = PBXFileReference; lastKnownFileType = text.plist.xml; path = Info.plist; sourceTree = "<group>"; };
		AD976F8120D820040090A4B2 /* main.m */ = {isa = PBXFileReference; lastKnownFileType = sourcecode.c.objc; path = main.m; sourceTree = "<group>"; };
		AD976F8720D820040090A4B2 /* FactoryTests.xctest */ = {isa = PBXFileReference; explicitFileType = wrapper.cfbundle; includeInIndex = 0; path = FactoryTests.xctest; sourceTree = BUILT_PRODUCTS_DIR; };
		AD976F8B20D820040090A4B2 /* FactoryTests.m */ = {isa = PBXFileReference; lastKnownFileType = sourcecode.c.objc; path = FactoryTests.m; sourceTree = "<group>"; };
		AD976F8D20D820040090A4B2 /* Info.plist */ = {isa = PBXFileReference; lastKnownFileType = text.plist.xml; path = Info.plist; sourceTree = "<group>"; };
		AD976F9220D820040090A4B2 /* FactoryUITests.xctest */ = {isa = PBXFileReference; explicitFileType = wrapper.cfbundle; includeInIndex = 0; path = FactoryUITests.xctest; sourceTree = BUILT_PRODUCTS_DIR; };
		AD976F9620D820040090A4B2 /* FactoryUITests.m */ = {isa = PBXFileReference; lastKnownFileType = sourcecode.c.objc; path = FactoryUITests.m; sourceTree = "<group>"; };
		AD976F9820D820040090A4B2 /* Info.plist */ = {isa = PBXFileReference; lastKnownFileType = text.plist.xml; path = Info.plist; sourceTree = "<group>"; };
		ADBC29B420D950180065FA45 /* CarCreator.m */ = {isa = PBXFileReference; lastKnownFileType = sourcecode.c.objc; path = CarCreator.m; sourceTree = "<group>"; };
		ADBC29B620D950250065FA45 /* DroneCreator.m */ = {isa = PBXFileReference; lastKnownFileType = sourcecode.c.objc; path = DroneCreator.m; sourceTree = "<group>"; };
		ADBC29B820D950310065FA45 /* Drone.m */ = {isa = PBXFileReference; lastKnownFileType = sourcecode.c.objc; path = Drone.m; sourceTree = "<group>"; };
		ADBC29BA20D9503A0065FA45 /* Car.m */ = {isa = PBXFileReference; lastKnownFileType = sourcecode.c.objc; path = Car.m; sourceTree = "<group>"; };
		ADBC29BC20D950490065FA45 /* Factory.m */ = {isa = PBXFileReference; lastKnownFileType = sourcecode.c.objc; path = Factory.m; sourceTree = "<group>"; };
		ADBC29BE20D9505B0065FA45 /* Transportation.m */ = {isa = PBXFileReference; lastKnownFileType = sourcecode.c.objc; path = Transportation.m; sourceTree = "<group>"; };
/* End PBXFileReference section */

/* Begin PBXFrameworksBuildPhase section */
		AD976F6C20D820020090A4B2 /* Frameworks */ = {
			isa = PBXFrameworksBuildPhase;
			buildActionMask = 2147483647;
			files = (
			);
			runOnlyForDeploymentPostprocessing = 0;
		};
		AD976F8420D820040090A4B2 /* Frameworks */ = {
			isa = PBXFrameworksBuildPhase;
			buildActionMask = 2147483647;
			files = (
			);
			runOnlyForDeploymentPostprocessing = 0;
		};
		AD976F8F20D820040090A4B2 /* Frameworks */ = {
			isa = PBXFrameworksBuildPhase;
			buildActionMask = 2147483647;
			files = (
			);
			runOnlyForDeploymentPostprocessing = 0;
		};
/* End PBXFrameworksBuildPhase section */

/* Begin PBXGroup section */
		AD976F6620D820020090A4B2 = {
			isa = PBXGroup;
			children = (
				AD976F7120D820030090A4B2 /* Factory */,
				AD976F8A20D820040090A4B2 /* FactoryTests */,
				AD976F9520D820040090A4B2 /* FactoryUITests */,
				AD976F7020D820030090A4B2 /* Products */,
			);
			sourceTree = "<group>";
		};
		AD976F7020D820030090A4B2 /* Products */ = {
			isa = PBXGroup;
			children = (
				AD976F6F20D820030090A4B2 /* Factory.app */,
				AD976F8720D820040090A4B2 /* FactoryTests.xctest */,
				AD976F9220D820040090A4B2 /* FactoryUITests.xctest */,
			);
			name = Products;
			sourceTree = "<group>";
		};
		AD976F7120D820030090A4B2 /* Factory */ = {
			isa = PBXGroup;
			children = (
				AD976F8120D820040090A4B2 /* main.m */,
				AD976F7220D820030090A4B2 /* AppDelegate.h */,
				AD976F7320D820030090A4B2 /* AppDelegate.m */,
				ADBC29BC20D950490065FA45 /* Factory.m */,
				ADBC29BE20D9505B0065FA45 /* Transportation.m */,
				ADBC29B220D94FC80065FA45 /* Creator */,
				ADBC29B320D94FDD0065FA45 /* Transport */,
				ADBC29B120D94F970065FA45 /* Resources */,
				ADBC29B020D94F890065FA45 /* Models */,
				ADBC29AF20D94F800065FA45 /* Views */,
				ADBC29AE20D94F6A0065FA45 /* Controllers */,
				AD976F8020D820040090A4B2 /* Info.plist */,
			);
			path = Factory;
			sourceTree = "<group>";
		};
		AD976F8A20D820040090A4B2 /* FactoryTests */ = {
			isa = PBXGroup;
			children = (
				AD976F8B20D820040090A4B2 /* FactoryTests.m */,
				AD976F8D20D820040090A4B2 /* Info.plist */,
			);
			path = FactoryTests;
			sourceTree = "<group>";
		};
		AD976F9520D820040090A4B2 /* FactoryUITests */ = {
			isa = PBXGroup;
			children = (
				AD976F9620D820040090A4B2 /* FactoryUITests.m */,
				AD976F9820D820040090A4B2 /* Info.plist */,
			);
			path = FactoryUITests;
			sourceTree = "<group>";
		};
		ADBC29AE20D94F6A0065FA45 /* Controllers */ = {
			isa = PBXGroup;
			children = (
				AD976F7520D820030090A4B2 /* ViewController.h */,
				AD976F7620D820030090A4B2 /* ViewController.m */,
			);
			path = Controllers;
			sourceTree = "<group>";
		};
		ADBC29AF20D94F800065FA45 /* Views */ = {
			isa = PBXGroup;
			children = (
				AD976F7820D820030090A4B2 /* Main.storyboard */,
				AD976F7D20D820040090A4B2 /* LaunchScreen.storyboard */,
			);
			path = Views;
			sourceTree = "<group>";
		};
		ADBC29B020D94F890065FA45 /* Models */ = {
			isa = PBXGroup;
			children = (
			);
			path = Models;
			sourceTree = "<group>";
		};
		ADBC29B120D94F970065FA45 /* Resources */ = {
			isa = PBXGroup;
			children = (
				AD976F7B20D820040090A4B2 /* Assets.xcassets */,
			);
			path = Resources;
			sourceTree = "<group>";
		};
		ADBC29B220D94FC80065FA45 /* Creator */ = {
			isa = PBXGroup;
			children = (
				ADBC29B420D950180065FA45 /* CarCreator.m */,
				ADBC29B620D950250065FA45 /* DroneCreator.m */,
			);
			path = Creator;
			sourceTree = "<group>";
		};
		ADBC29B320D94FDD0065FA45 /* Transport */ = {
			isa = PBXGroup;
			children = (
				ADBC29B820D950310065FA45 /* Drone.m */,
				ADBC29BA20D9503A0065FA45 /* Car.m */,
			);
			path = Transport;
			sourceTree = "<group>";
		};
/* End PBXGroup section */

/* Begin PBXNativeTarget section */
		AD976F6E20D820020090A4B2 /* Factory */ = {
			isa = PBXNativeTarget;
			buildConfigurationList = AD976F9B20D820040090A4B2 /* Build configuration list for PBXNativeTarget "Factory" */;
			buildPhases = (
				AD976F6B20D820020090A4B2 /* Sources */,
				AD976F6C20D820020090A4B2 /* Frameworks */,
				AD976F6D20D820020090A4B2 /* Resources */,
			);
			buildRules = (
			);
			dependencies = (
			);
			name = Factory;
			productName = Factory;
			productReference = AD976F6F20D820030090A4B2 /* Factory.app */;
			productType = "com.apple.product-type.application";
		};
		AD976F8620D820040090A4B2 /* FactoryTests */ = {
			isa = PBXNativeTarget;
			buildConfigurationList = AD976F9E20D820040090A4B2 /* Build configuration list for PBXNativeTarget "FactoryTests" */;
			buildPhases = (
				AD976F8320D820040090A4B2 /* Sources */,
				AD976F8420D820040090A4B2 /* Frameworks */,
				AD976F8520D820040090A4B2 /* Resources */,
			);
			buildRules = (
			);
			dependencies = (
				AD976F8920D820040090A4B2 /* PBXTargetDependency */,
			);
			name = FactoryTests;
			productName = FactoryTests;
			productReference = AD976F8720D820040090A4B2 /* FactoryTests.xctest */;
			productType = "com.apple.product-type.bundle.unit-test";
		};
		AD976F9120D820040090A4B2 /* FactoryUITests */ = {
			isa = PBXNativeTarget;
			buildConfigurationList = AD976FA120D820040090A4B2 /* Build configuration list for PBXNativeTarget "FactoryUITests" */;
			buildPhases = (
				AD976F8E20D820040090A4B2 /* Sources */,
				AD976F8F20D820040090A4B2 /* Frameworks */,
				AD976F9020D820040090A4B2 /* Resources */,
			);
			buildRules = (
			);
			dependencies = (
				AD976F9420D820040090A4B2 /* PBXTargetDependency */,
			);
			name = FactoryUITests;
			productName = FactoryUITests;
			productReference = AD976F9220D820040090A4B2 /* FactoryUITests.xctest */;
			productType = "com.apple.product-type.bundle.ui-testing";
		};
/* End PBXNativeTarget section */

/* Begin PBXProject section */
		AD976F6720D820020090A4B2 /* Project object */ = {
			isa = PBXProject;
			attributes = {
				LastUpgradeCheck = 0940;
				ORGANIZATIONNAME = "Kolesa LLC";
				TargetAttributes = {
					AD976F6E20D820020090A4B2 = {
						CreatedOnToolsVersion = 9.4.1;
					};
					AD976F8620D820040090A4B2 = {
						CreatedOnToolsVersion = 9.4.1;
						TestTargetID = AD976F6E20D820020090A4B2;
					};
					AD976F9120D820040090A4B2 = {
						CreatedOnToolsVersion = 9.4.1;
						TestTargetID = AD976F6E20D820020090A4B2;
					};
				};
			};
			buildConfigurationList = AD976F6A20D820020090A4B2 /* Build configuration list for PBXProject "Factory" */;
			compatibilityVersion = "Xcode 9.3";
			developmentRegion = en;
			hasScannedForEncodings = 0;
			knownRegions = (
				en,
				Base,
			);
			mainGroup = AD976F6620D820020090A4B2;
			productRefGroup = AD976F7020D820030090A4B2 /* Products */;
			projectDirPath = "";
			projectRoot = "";
			targets = (
				AD976F6E20D820020090A4B2 /* Factory */,
				AD976F8620D820040090A4B2 /* FactoryTests */,
				AD976F9120D820040090A4B2 /* FactoryUITests */,
			);
		};
/* End PBXProject section */

/* Begin PBXResourcesBuildPhase section */
		AD976F6D20D820020090A4B2 /* Resources */ = {
			isa = PBXResourcesBuildPhase;
			buildActionMask = 2147483647;
			files = (
				AD976F7F20D820040090A4B2 /* LaunchScreen.storyboard in Resources */,
				AD976F7C20D820040090A4B2 /* Assets.xcassets in Resources */,
				AD976F7A20D820030090A4B2 /* Main.storyboard in Resources */,
			);
			runOnlyForDeploymentPostprocessing = 0;
		};
		AD976F8520D820040090A4B2 /* Resources */ = {
			isa = PBXResourcesBuildPhase;
			buildActionMask = 2147483647;
			files = (
			);
			runOnlyForDeploymentPostprocessing = 0;
		};
		AD976F9020D820040090A4B2 /* Resources */ = {
			isa = PBXResourcesBuildPhase;
			buildActionMask = 2147483647;
			files = (
			);
			runOnlyForDeploymentPostprocessing = 0;
		};
/* End PBXResourcesBuildPhase section */

/* Begin PBXSourcesBuildPhase section */
		AD976F6B20D820020090A4B2 /* Sources */ = {
			isa = PBXSourcesBuildPhase;
			buildActionMask = 2147483647;
			files = (
				ADBC29BF20D9505B0065FA45 /* Transportation.m in Sources */,
				ADBC29B920D950310065FA45 /* Drone.m in Sources */,
				AD976F7720D820030090A4B2 /* ViewController.m in Sources */,
				ADBC29B720D950250065FA45 /* DroneCreator.m in Sources */,
				ADBC29B520D950180065FA45 /* CarCreator.m in Sources */,
				ADBC29BD20D950490065FA45 /* Factory.m in Sources */,
				ADBC29BB20D9503A0065FA45 /* Car.m in Sources */,
				AD976F8220D820040090A4B2 /* main.m in Sources */,
				AD976F7420D820030090A4B2 /* AppDelegate.m in Sources */,
			);
			runOnlyForDeploymentPostprocessing = 0;
		};
		AD976F8320D820040090A4B2 /* Sources */ = {
			isa = PBXSourcesBuildPhase;
			buildActionMask = 2147483647;
			files = (
				AD976F8C20D820040090A4B2 /* FactoryTests.m in Sources */,
			);
			runOnlyForDeploymentPostprocessing = 0;
		};
		AD976F8E20D820040090A4B2 /* Sources */ = {
			isa = PBXSourcesBuildPhase;
			buildActionMask = 2147483647;
			files = (
				AD976F9720D820040090A4B2 /* FactoryUITests.m in Sources */,
			);
			runOnlyForDeploymentPostprocessing = 0;
		};
/* End PBXSourcesBuildPhase section */

/* Begin PBXTargetDependency section */
		AD976F8920D820040090A4B2 /* PBXTargetDependency */ = {
			isa = PBXTargetDependency;
			target = AD976F6E20D820020090A4B2 /* Factory */;
			targetProxy = AD976F8820D820040090A4B2 /* PBXContainerItemProxy */;
		};
		AD976F9420D820040090A4B2 /* PBXTargetDependency */ = {
			isa = PBXTargetDependency;
			target = AD976F6E20D820020090A4B2 /* Factory */;
			targetProxy = AD976F9320D820040090A4B2 /* PBXContainerItemProxy */;
		};
/* End PBXTargetDependency section */

/* Begin PBXVariantGroup section */
		AD976F7820D820030090A4B2 /* Main.storyboard */ = {
			isa = PBXVariantGroup;
			children = (
				AD976F7920D820030090A4B2 /* Base */,
			);
			name = Main.storyboard;
			sourceTree = "<group>";
		};
		AD976F7D20D820040090A4B2 /* LaunchScreen.storyboard */ = {
			isa = PBXVariantGroup;
			children = (
				AD976F7E20D820040090A4B2 /* Base */,
			);
			name = LaunchScreen.storyboard;
			sourceTree = "<group>";
		};
/* End PBXVariantGroup section */

/* Begin XCBuildConfiguration section */
		AD976F9920D820040090A4B2 /* Debug */ = {
			isa = XCBuildConfiguration;
			buildSettings = {
				ALWAYS_SEARCH_USER_PATHS = NO;
				CLANG_ANALYZER_NONNULL = YES;
				CLANG_ANALYZER_NUMBER_OBJECT_CONVERSION = YES_AGGRESSIVE;
				CLANG_CXX_LANGUAGE_STANDARD = "gnu++14";
				CLANG_CXX_LIBRARY = "libc++";
				CLANG_ENABLE_MODULES = YES;
				CLANG_ENABLE_OBJC_ARC = YES;
				CLANG_ENABLE_OBJC_WEAK = YES;
				CLANG_WARN_BLOCK_CAPTURE_AUTORELEASING = YES;
				CLANG_WARN_BOOL_CONVERSION = YES;
				CLANG_WARN_COMMA = YES;
				CLANG_WARN_CONSTANT_CONVERSION = YES;
				CLANG_WARN_DEPRECATED_OBJC_IMPLEMENTATIONS = YES;
				CLANG_WARN_DIRECT_OBJC_ISA_USAGE = YES_ERROR;
				CLANG_WARN_DOCUMENTATION_COMMENTS = YES;
				CLANG_WARN_EMPTY_BODY = YES;
				CLANG_WARN_ENUM_CONVERSION = YES;
				CLANG_WARN_INFINITE_RECURSION = YES;
				CLANG_WARN_INT_CONVERSION = YES;
				CLANG_WARN_NON_LITERAL_NULL_CONVERSION = YES;
				CLANG_WARN_OBJC_IMPLICIT_RETAIN_SELF = YES;
				CLANG_WARN_OBJC_LITERAL_CONVERSION = YES;
				CLANG_WARN_OBJC_ROOT_CLASS = YES_ERROR;
				CLANG_WARN_RANGE_LOOP_ANALYSIS = YES;
				CLANG_WARN_STRICT_PROTOTYPES = YES;
				CLANG_WARN_SUSPICIOUS_MOVE = YES;
				CLANG_WARN_UNGUARDED_AVAILABILITY = YES_AGGRESSIVE;
				CLANG_WARN_UNREACHABLE_CODE = YES;
				CLANG_WARN__DUPLICATE_METHOD_MATCH = YES;
				CODE_SIGN_IDENTITY = "iPhone Developer";
				COPY_PHASE_STRIP = NO;
				DEBUG_INFORMATION_FORMAT = dwarf;
				ENABLE_STRICT_OBJC_MSGSEND = YES;
				ENABLE_TESTABILITY = YES;
				GCC_C_LANGUAGE_STANDARD = gnu11;
				GCC_DYNAMIC_NO_PIC = NO;
				GCC_NO_COMMON_BLOCKS = YES;
				GCC_OPTIMIZATION_LEVEL = 0;
				GCC_PREPROCESSOR_DEFINITIONS = (
					"DEBUG=1",
					"$(inherited)",
				);
				GCC_WARN_64_TO_32_BIT_CONVERSION = YES;
				GCC_WARN_ABOUT_RETURN_TYPE = YES_ERROR;
				GCC_WARN_UNDECLARED_SELECTOR = YES;
				GCC_WARN_UNINITIALIZED_AUTOS = YES_AGGRESSIVE;
				GCC_WARN_UNUSED_FUNCTION = YES;
				GCC_WARN_UNUSED_VARIABLE = YES;
				IPHONEOS_DEPLOYMENT_TARGET = 11.4;
				MTL_ENABLE_DEBUG_INFO = YES;
				ONLY_ACTIVE_ARCH = YES;
				SDKROOT = iphoneos;
			};
			name = Debug;
		};
		AD976F9A20D820040090A4B2 /* Release */ = {
			isa = XCBuildConfiguration;
			buildSettings = {
				ALWAYS_SEARCH_USER_PATHS = NO;
				CLANG_ANALYZER_NONNULL = YES;
				CLANG_ANALYZER_NUMBER_OBJECT_CONVERSION = YES_AGGRESSIVE;
				CLANG_CXX_LANGUAGE_STANDARD = "gnu++14";
				CLANG_CXX_LIBRARY = "libc++";
				CLANG_ENABLE_MODULES = YES;
				CLANG_ENABLE_OBJC_ARC = YES;
				CLANG_ENABLE_OBJC_WEAK = YES;
				CLANG_WARN_BLOCK_CAPTURE_AUTORELEASING = YES;
				CLANG_WARN_BOOL_CONVERSION = YES;
				CLANG_WARN_COMMA = YES;
				CLANG_WARN_CONSTANT_CONVERSION = YES;
				CLANG_WARN_DEPRECATED_OBJC_IMPLEMENTATIONS = YES;
				CLANG_WARN_DIRECT_OBJC_ISA_USAGE = YES_ERROR;
				CLANG_WARN_DOCUMENTATION_COMMENTS = YES;
				CLANG_WARN_EMPTY_BODY = YES;
				CLANG_WARN_ENUM_CONVERSION = YES;
				CLANG_WARN_INFINITE_RECURSION = YES;
				CLANG_WARN_INT_CONVERSION = YES;
				CLANG_WARN_NON_LITERAL_NULL_CONVERSION = YES;
				CLANG_WARN_OBJC_IMPLICIT_RETAIN_SELF = YES;
				CLANG_WARN_OBJC_LITERAL_CONVERSION = YES;
				CLANG_WARN_OBJC_ROOT_CLASS = YES_ERROR;
				CLANG_WARN_RANGE_LOOP_ANALYSIS = YES;
				CLANG_WARN_STRICT_PROTOTYPES = YES;
				CLANG_WARN_SUSPICIOUS_MOVE = YES;
				CLANG_WARN_UNGUARDED_AVAILABILITY = YES_AGGRESSIVE;
				CLANG_WARN_UNREACHABLE_CODE = YES;
				CLANG_WARN__DUPLICATE_METHOD_MATCH = YES;
				CODE_SIGN_IDENTITY = "iPhone Developer";
				COPY_PHASE_STRIP = NO;
				DEBUG_INFORMATION_FORMAT = "dwarf-with-dsym";
				ENABLE_NS_ASSERTIONS = NO;
				ENABLE_STRICT_OBJC_MSGSEND = YES;
				GCC_C_LANGUAGE_STANDARD = gnu11;
				GCC_NO_COMMON_BLOCKS = YES;
				GCC_WARN_64_TO_32_BIT_CONVERSION = YES;
				GCC_WARN_ABOUT_RETURN_TYPE = YES_ERROR;
				GCC_WARN_UNDECLARED_SELECTOR = YES;
				GCC_WARN_UNINITIALIZED_AUTOS = YES_AGGRESSIVE;
				GCC_WARN_UNUSED_FUNCTION = YES;
				GCC_WARN_UNUSED_VARIABLE = YES;
				IPHONEOS_DEPLOYMENT_TARGET = 11.4;
				MTL_ENABLE_DEBUG_INFO = NO;
				SDKROOT = iphoneos;
				VALIDATE_PRODUCT = YES;
			};
			name = Release;
		};
		AD976F9C20D820040090A4B2 /* Debug */ = {
			isa = XCBuildConfiguration;
			buildSettings = {
				ASSETCATALOG_COMPILER_APPICON_NAME = AppIcon;
				CODE_SIGN_STYLE = Automatic;
				DEVELOPMENT_TEAM = DL4A7FUZ6U;
				INFOPLIST_FILE = Factory/Info.plist;
				LD_RUNPATH_SEARCH_PATHS = (
					"$(inherited)",
					"@executable_path/Frameworks",
				);
				PRODUCT_BUNDLE_IDENTIFIER = kz.kolesa.Factory;
				PRODUCT_NAME = "$(TARGET_NAME)";
				TARGETED_DEVICE_FAMILY = "1,2";
			};
			name = Debug;
		};
		AD976F9D20D820040090A4B2 /* Release */ = {
			isa = XCBuildConfiguration;
			buildSettings = {
				ASSETCATALOG_COMPILER_APPICON_NAME = AppIcon;
				CODE_SIGN_STYLE = Automatic;
				DEVELOPMENT_TEAM = DL4A7FUZ6U;
				INFOPLIST_FILE = Factory/Info.plist;
				LD_RUNPATH_SEARCH_PATHS = (
					"$(inherited)",
					"@executable_path/Frameworks",
				);
				PRODUCT_BUNDLE_IDENTIFIER = kz.kolesa.Factory;
				PRODUCT_NAME = "$(TARGET_NAME)";
				TARGETED_DEVICE_FAMILY = "1,2";
			};
			name = Release;
		};
		AD976F9F20D820040090A4B2 /* Debug */ = {
			isa = XCBuildConfiguration;
			buildSettings = {
				BUNDLE_LOADER = "$(TEST_HOST)";
				CODE_SIGN_STYLE = Automatic;
				DEVELOPMENT_TEAM = DL4A7FUZ6U;
				INFOPLIST_FILE = FactoryTests/Info.plist;
				LD_RUNPATH_SEARCH_PATHS = (
					"$(inherited)",
					"@executable_path/Frameworks",
					"@loader_path/Frameworks",
				);
				PRODUCT_BUNDLE_IDENTIFIER = kz.kolesa.FactoryTests;
				PRODUCT_NAME = "$(TARGET_NAME)";
				TARGETED_DEVICE_FAMILY = "1,2";
				TEST_HOST = "$(BUILT_PRODUCTS_DIR)/Factory.app/Factory";
			};
			name = Debug;
		};
		AD976FA020D820040090A4B2 /* Release */ = {
			isa = XCBuildConfiguration;
			buildSettings = {
				BUNDLE_LOADER = "$(TEST_HOST)";
				CODE_SIGN_STYLE = Automatic;
				DEVELOPMENT_TEAM = DL4A7FUZ6U;
				INFOPLIST_FILE = FactoryTests/Info.plist;
				LD_RUNPATH_SEARCH_PATHS = (
					"$(inherited)",
					"@executable_path/Frameworks",
					"@loader_path/Frameworks",
				);
				PRODUCT_BUNDLE_IDENTIFIER = kz.kolesa.FactoryTests;
				PRODUCT_NAME = "$(TARGET_NAME)";
				TARGETED_DEVICE_FAMILY = "1,2";
				TEST_HOST = "$(BUILT_PRODUCTS_DIR)/Factory.app/Factory";
			};
			name = Release;
		};
		AD976FA220D820040090A4B2 /* Debug */ = {
			isa = XCBuildConfiguration;
			buildSettings = {
				CODE_SIGN_STYLE = Automatic;
				DEVELOPMENT_TEAM = DL4A7FUZ6U;
				INFOPLIST_FILE = FactoryUITests/Info.plist;
				LD_RUNPATH_SEARCH_PATHS = (
					"$(inherited)",
					"@executable_path/Frameworks",
					"@loader_path/Frameworks",
				);
				PRODUCT_BUNDLE_IDENTIFIER = kz.kolesa.FactoryUITests;
				PRODUCT_NAME = "$(TARGET_NAME)";
				TARGETED_DEVICE_FAMILY = "1,2";
				TEST_TARGET_NAME = Factory;
			};
			name = Debug;
		};
		AD976FA320D820040090A4B2 /* Release */ = {
			isa = XCBuildConfiguration;
			buildSettings = {
				CODE_SIGN_STYLE = Automatic;
				DEVELOPMENT_TEAM = DL4A7FUZ6U;
				INFOPLIST_FILE = FactoryUITests/Info.plist;
				LD_RUNPATH_SEARCH_PATHS = (
					"$(inherited)",
					"@executable_path/Frameworks",
					"@loader_path/Frameworks",
				);
				PRODUCT_BUNDLE_IDENTIFIER = kz.kolesa.FactoryUITests;
				PRODUCT_NAME = "$(TARGET_NAME)";
				TARGETED_DEVICE_FAMILY = "1,2";
				TEST_TARGET_NAME = Factory;
			};
			name = Release;
		};
/* End XCBuildConfiguration section */

/* Begin XCConfigurationList section */
		AD976F6A20D820020090A4B2 /* Build configuration list for PBXProject "Factory" */ = {
			isa = XCConfigurationList;
			buildConfigurations = (
				AD976F9920D820040090A4B2 /* Debug */,
				AD976F9A20D820040090A4B2 /* Release */,
			);
			defaultConfigurationIsVisible = 0;
			defaultConfigurationName = Release;
		};
		AD976F9B20D820040090A4B2 /* Build configuration list for PBXNativeTarget "Factory" */ = {
			isa = XCConfigurationList;
			buildConfigurations = (
				AD976F9C20D820040090A4B2 /* Debug */,
				AD976F9D20D820040090A4B2 /* Release */,
			);
			defaultConfigurationIsVisible = 0;
			defaultConfigurationName = Release;
		};
		AD976F9E20D820040090A4B2 /* Build configuration list for PBXNativeTarget "FactoryTests" */ = {
			isa = XCConfigurationList;
			buildConfigurations = (
				AD976F9F20D820040090A4B2 /* Debug */,
				AD976FA020D820040090A4B2 /* Release */,
			);
			defaultConfigurationIsVisible = 0;
			defaultConfigurationName = Release;
		};
		AD976FA120D820040090A4B2 /* Build configuration list for PBXNativeTarget "FactoryUITests" */ = {
			isa = XCConfigurationList;
			buildConfigurations = (
				AD976FA220D820040090A4B2 /* Debug */,
				AD976FA320D820040090A4B2 /* Release */,
			);
			defaultConfigurationIsVisible = 0;
			defaultConfigurationName = Release;
		};
/* End XCConfigurationList section */
	};
	rootObject = AD976F6720D820020090A4B2 /* Project object */;
}
